<?xml version="1.0" encoding="utf-8"?>
<Project ToolsVersion="4.0" xmlns="http://schemas.microsoft.com/developer/msbuild/2003">
  <ItemGroup>
    <Filter Include="src">
      <UniqueIdentifier>{4FC737F1-C7A5-4376-A066-2A32D752A2FF}</UniqueIdentifier>
      <Extensions>cpp;c;cc;cxx;def;odl;idl;hpj;bat;asm;asmx</Extensions>
    </Filter>
    <Filter Include="include">
      <UniqueIdentifier>{93995380-89BD-4b04-88EB-625FBE52EBFB}</UniqueIdentifier>
      <Extensions>h;hpp;hxx;hm;inl;inc;xsd</Extensions>
    </Filter>
    <Filter Include="rdmnet_lib">
      <UniqueIdentifier>{7cc4b641-661a-409f-8fe4-a14a7f1e6c37}</UniqueIdentifier>
    </Filter>
    <Filter Include="lwpa_lib">
      <UniqueIdentifier>{e3e48fde-b91a-4185-8bef-590b25288b28}</UniqueIdentifier>
    </Filter>
    <Filter Include="rdmnet_lib\src">
      <UniqueIdentifier>{6afd0454-755e-44d2-8e38-b67d5f682a55}</UniqueIdentifier>
    </Filter>
    <Filter Include="rdmnet_lib\include">
      <UniqueIdentifier>{05a06609-8803-420a-8ab4-3ae9743af58d}</UniqueIdentifier>
    </Filter>
    <Filter Include="lwpa_lib\src">
      <UniqueIdentifier>{08ffe6e7-4deb-42ac-ad4b-d2867ec1a382}</UniqueIdentifier>
    </Filter>
    <Filter Include="lwpa_lib\include">
      <UniqueIdentifier>{741e185e-7b13-4f3e-9ef7-60f2cb84b8b2}</UniqueIdentifier>
    </Filter>
  </ItemGroup>
  <ItemGroup>
    <ClCompile Include="..\devicemain.c">
      <Filter>src</Filter>
    </ClCompile>
    <ClCompile Include="..\devicelog.c">
      <Filter>src</Filter>
    </ClCompile>
    <ClCompile Include="..\..\..\..\src\common\brokerprot.c">
      <Filter>rdmnet_lib\src</Filter>
    </ClCompile>
    <ClCompile Include="..\..\..\..\src\common\rdmnetclient.c">
      <Filter>rdmnet_lib\src</Filter>
    </ClCompile>
    <ClCompile Include="..\..\..\..\src\common\rdmnetconnection.c">
      <Filter>rdmnet_lib\src</Filter>
    </ClCompile>
    <ClCompile Include="..\..\..\..\src\common\rdmnetmsgbuf.c">
      <Filter>rdmnet_lib\src</Filter>
    </ClCompile>
    <ClCompile Include="..\..\..\..\..\lwpa\src\lwpa_cid.c">
      <Filter>lwpa_lib\src</Filter>
    </ClCompile>
    <ClCompile Include="..\..\..\..\..\lwpa\src\lwpa_error.c">
      <Filter>lwpa_lib\src</Filter>
    </ClCompile>
    <ClCompile Include="..\..\..\..\..\lwpa\src\windows\lwpa_lock.c">
      <Filter>lwpa_lib\src</Filter>
    </ClCompile>
    <ClCompile Include="..\..\..\..\..\lwpa\src\lwpa_log.c">
      <Filter>lwpa_lib\src</Filter>
    </ClCompile>
    <ClCompile Include="..\..\..\..\..\lwpa\src\lwpa_mempool.c">
      <Filter>lwpa_lib\src</Filter>
    </ClCompile>
    <ClCompile Include="..\..\..\..\..\lwpa\src\windows\lwpa_netint.c">
      <Filter>lwpa_lib\src</Filter>
    </ClCompile>
    <ClCompile Include="..\..\..\..\..\lwpa\src\lwpa_pdu.c">
      <Filter>lwpa_lib\src</Filter>
    </ClCompile>
    <ClCompile Include="..\..\..\..\..\lwpa\src\lwpa_rbtree.c">
      <Filter>lwpa_lib\src</Filter>
    </ClCompile>
    <ClCompile Include="..\..\..\..\..\lwpa\src\lwpa_rootlayerpdu.c">
      <Filter>lwpa_lib\src</Filter>
    </ClCompile>
    <ClCompile Include="..\..\..\..\..\lwpa\src\windows\lwpa_socket.c">
      <Filter>lwpa_lib\src</Filter>
    </ClCompile>
    <ClCompile Include="..\..\..\..\..\lwpa\src\windows\lwpa_thread.c">
      <Filter>lwpa_lib\src</Filter>
    </ClCompile>
    <ClCompile Include="..\..\..\..\..\lwpa\src\windows\lwpa_timer.c">
      <Filter>lwpa_lib\src</Filter>
    </ClCompile>
    <ClCompile Include="..\..\..\..\..\lwpa\src\md5c.c">
      <Filter>lwpa_lib\src</Filter>
    </ClCompile>
    <ClCompile Include="..\..\..\..\src\common\rdmnetmessage.c">
      <Filter>rdmnet_lib\src</Filter>
    </ClCompile>
    <ClCompile Include="..\defaultresponder.c">
      <Filter>src</Filter>
    </ClCompile>
    <ClCompile Include="..\device.c">
      <Filter>src</Filter>
    </ClCompile>
    <ClCompile Include="..\..\..\..\src\common\rdmresponder.c">
      <Filter>rdmnet_lib\src</Filter>
    </ClCompile>
    <ClCompile Include="..\..\..\..\src\common\rdmtypes.c">
      <Filter>rdmnet_lib\src</Filter>
    </ClCompile>
    <ClCompile Include="..\..\..\..\src\common\rptprot.c">
      <Filter>rdmnet_lib\src</Filter>
    </ClCompile>
    <ClCompile Include="..\..\..\..\src\common\rdmcontroller.c">
      <Filter>rdmnet_lib\src</Filter>
    </ClCompile>
    <ClCompile Include="..\..\..\..\..\lwpa\src\lwpa_uid.c">
      <Filter>lwpa_lib\src</Filter>
    </ClCompile>
    <ClCompile Include="..\devicellrp.c">
      <Filter>src</Filter>
    </ClCompile>
    <ClCompile Include="..\..\..\..\src\common\llrp.c">
      <Filter>rdmnet_lib\src</Filter>
    </ClCompile>
    <ClCompile Include="..\..\..\..\src\common\llrpprot.c">
      <Filter>rdmnet_lib\src</Filter>
    </ClCompile>
    <ClCompile Include="..\..\..\..\src\discovery\bonjour\rdmnetdiscovery_bonjour.c">
      <Filter>src</Filter>
    </ClCompile>
  </ItemGroup>
  <ItemGroup>
    <ClInclude Include="..\rdmnet_config.h">
      <Filter>src</Filter>
    </ClInclude>
    <ClInclude Include="..\devicelog.h">
      <Filter>include</Filter>
    </ClInclude>
    <ClInclude Include="..\..\..\..\src\include\rdmnet\brokerprot.h">
      <Filter>rdmnet_lib\include</Filter>
    </ClInclude>
    <ClInclude Include="..\..\..\..\src\common\brokerprotpriv.h">
      <Filter>rdmnet_lib\include</Filter>
    </ClInclude>
    <ClInclude Include="..\..\..\..\src\include\rdmnet\client.h">
      <Filter>rdmnet_lib\include</Filter>
    </ClInclude>
    <ClInclude Include="..\..\..\..\src\include\rdmnet\connection.h">
      <Filter>rdmnet_lib\include</Filter>
    </ClInclude>
    <ClInclude Include="..\..\..\..\src\include\rdmnet\eptprot.h">
      <Filter>rdmnet_lib\include</Filter>
    </ClInclude>
    <ClInclude Include="..\..\..\..\src\include\rdmnet\estardm.h">
      <Filter>rdmnet_lib\include</Filter>
    </ClInclude>
    <ClInclude Include="..\..\..\..\src\include\rdmnet\estardmnet.h">
      <Filter>rdmnet_lib\include</Filter>
    </ClInclude>
    <ClInclude Include="..\..\..\..\src\include\rdmnet\message.h">
      <Filter>rdmnet_lib\include</Filter>
    </ClInclude>
    <ClInclude Include="..\..\..\..\src\include\rdmnet\opts.h">
      <Filter>rdmnet_lib\include</Filter>
    </ClInclude>
    <ClInclude Include="..\..\..\..\src\common\rdmnetconnpriv.h">
      <Filter>rdmnet_lib\include</Filter>
    </ClInclude>
    <ClInclude Include="..\..\..\..\src\common\rdmnetmsgbuf.h">
      <Filter>rdmnet_lib\include</Filter>
    </ClInclude>
    <ClInclude Include="..\..\..\..\src\include\rdmnet\rptprot.h">
      <Filter>rdmnet_lib\include</Filter>
    </ClInclude>
    <ClInclude Include="..\..\..\..\src\include\rdmnet\version.h">
      <Filter>rdmnet_lib\include</Filter>
    </ClInclude>
    <ClInclude Include="..\..\..\..\..\lwpa\include\acn_prot.h">
      <Filter>lwpa_lib\include</Filter>
    </ClInclude>
    <ClInclude Include="..\..\..\..\..\lwpa\include\lwpa_bool.h">
      <Filter>lwpa_lib\include</Filter>
    </ClInclude>
    <ClInclude Include="..\..\..\..\..\lwpa\include\lwpa_cid.h">
      <Filter>lwpa_lib\include</Filter>
    </ClInclude>
    <ClInclude Include="..\..\..\..\..\lwpa\include\lwpa_common.h">
      <Filter>lwpa_lib\include</Filter>
    </ClInclude>
    <ClInclude Include="..\..\..\..\..\lwpa\include\lwpa_inet.h">
      <Filter>lwpa_lib\include</Filter>
    </ClInclude>
    <ClInclude Include="..\..\..\..\..\lwpa\include\lwpa_error.h">
      <Filter>lwpa_lib\include</Filter>
    </ClInclude>
    <ClInclude Include="..\..\..\..\..\lwpa\include\lwpa_int.h">
      <Filter>lwpa_lib\include</Filter>
    </ClInclude>
    <ClInclude Include="..\..\..\..\..\lwpa\include\windows\lwpa_lock.h">
      <Filter>lwpa_lib\include</Filter>
    </ClInclude>
    <ClInclude Include="..\..\..\..\..\lwpa\include\lwpa_log.h">
      <Filter>lwpa_lib\include</Filter>
    </ClInclude>
    <ClInclude Include="..\..\..\..\..\lwpa\include\lwpa_mempool.h">
      <Filter>lwpa_lib\include</Filter>
    </ClInclude>
    <ClInclude Include="..\..\..\..\..\lwpa\include\lwpa_netint.h">
      <Filter>lwpa_lib\include</Filter>
    </ClInclude>
    <ClInclude Include="..\..\..\..\..\lwpa\include\lwpa_pack.h">
      <Filter>lwpa_lib\include</Filter>
    </ClInclude>
    <ClInclude Include="..\..\..\..\..\lwpa\include\lwpa_pdu.h">
      <Filter>lwpa_lib\include</Filter>
    </ClInclude>
    <ClInclude Include="..\..\..\..\..\lwpa\include\lwpa_rbtree.h">
      <Filter>lwpa_lib\include</Filter>
    </ClInclude>
    <ClInclude Include="..\..\..\..\..\lwpa\include\lwpa_rootlayerpdu.h">
      <Filter>lwpa_lib\include</Filter>
    </ClInclude>
    <ClInclude Include="..\..\..\..\..\lwpa\include\lwpa_socket.h">
      <Filter>lwpa_lib\include</Filter>
    </ClInclude>
    <ClInclude Include="..\..\..\..\..\lwpa\include\windows\lwpa_socket_plat.h">
      <Filter>lwpa_lib\include</Filter>
    </ClInclude>
    <ClInclude Include="..\..\..\..\..\lwpa\include\windows\lwpa_thread.h">
      <Filter>lwpa_lib\include</Filter>
    </ClInclude>
    <ClInclude Include="..\..\..\..\..\lwpa\src\md5.h">
      <Filter>lwpa_lib\include</Filter>
    </ClInclude>
    <ClInclude Include="..\..\..\..\..\lwpa\include\lwpa_timer.h">
      <Filter>lwpa_lib\include</Filter>
    </ClInclude>
    <ClInclude Include="..\..\..\..\src\common\rdmnetmessagepriv.h">
      <Filter>rdmnet_lib\include</Filter>
    </ClInclude>
    <ClInclude Include="..\..\..\..\src\common\rptprotpriv.h">
      <Filter>rdmnet_lib\include</Filter>
    </ClInclude>
    <ClInclude Include="..\defaultresponder.h">
      <Filter>include</Filter>
    </ClInclude>
    <ClInclude Include="..\device.h">
      <Filter>include</Filter>
    </ClInclude>
    <ClInclude Include="..\..\..\..\src\include\rdmnet\rdmcontroller.h">
      <Filter>rdmnet_lib\include</Filter>
    </ClInclude>
    <ClInclude Include="..\..\..\..\src\include\rdmnet\rdmresponder.h">
      <Filter>rdmnet_lib\include</Filter>
    </ClInclude>
    <ClInclude Include="..\..\..\..\src\include\rdmnet\rdmtypes.h">
      <Filter>rdmnet_lib\include</Filter>
    </ClInclude>
    <ClInclude Include="..\..\..\..\src\include\rdmnet\discovery.h">
      <Filter>rdmnet_lib\include</Filter>
    </ClInclude>
    <ClInclude Include="..\..\..\..\..\lwpa\include\lwpa_uid.h">
      <Filter>lwpa_lib\include</Filter>
    </ClInclude>
    <ClInclude Include="..\devicellrp.h">
      <Filter>include</Filter>
    </ClInclude>
    <ClInclude Include="..\..\..\..\src\common\llrppriv.h">
      <Filter>rdmnet_lib\include</Filter>
    </ClInclude>
    <ClInclude Include="..\..\..\..\src\common\llrpprotpriv.h">
      <Filter>rdmnet_lib\include</Filter>
    </ClInclude>
    <ClInclude Include="..\..\..\..\src\include\rdmnet\llrp.h">
      <Filter>rdmnet_lib\include</Filter>
    </ClInclude>
  </ItemGroup>
</Project>