<?xml version="1.0" encoding="utf-8"?>
<Project ToolsVersion="4.0" xmlns="http://schemas.microsoft.com/developer/msbuild/2003">
  <ItemGroup>
    <ClCompile Include="..\..\..\..\src\common\rdmcontroller.c">
      <Filter>llrp_lib</Filter>
    </ClCompile>
    <ClCompile Include="..\..\..\..\src\common\rdmtypes.c">
      <Filter>llrp_lib</Filter>
    </ClCompile>
    <ClCompile Include="..\..\..\..\src\common\llrp.c">
      <Filter>llrp_lib</Filter>
    </ClCompile>
    <ClCompile Include="..\..\..\..\src\common\llrpprot.c">
      <Filter>llrp_lib</Filter>
    </ClCompile>
    <ClCompile Include="..\manager.cpp" />
    <ClCompile Include="..\..\..\..\..\lwpa\src\lwpa_uid.c">
      <Filter>lwpa_lib\src</Filter>
    </ClCompile>
    <ClCompile Include="..\..\..\..\..\lwpa\src\md5c.c">
      <Filter>lwpa_lib\src</Filter>
    </ClCompile>
    <ClCompile Include="..\..\..\..\..\lwpa\src\lwpa_cid.c">
      <Filter>lwpa_lib\src</Filter>
    </ClCompile>
    <ClCompile Include="..\..\..\..\..\lwpa\src\lwpa_error.c">
      <Filter>lwpa_lib\src</Filter>
    </ClCompile>
    <ClCompile Include="..\..\..\..\..\lwpa\src\lwpa_log.c">
      <Filter>lwpa_lib\src</Filter>
    </ClCompile>
    <ClCompile Include="..\..\..\..\..\lwpa\src\lwpa_mempool.c">
      <Filter>lwpa_lib\src</Filter>
    </ClCompile>
    <ClCompile Include="..\..\..\..\..\lwpa\src\lwpa_pdu.c">
      <Filter>lwpa_lib\src</Filter>
    </ClCompile>
    <ClCompile Include="..\..\..\..\..\lwpa\src\lwpa_rbtree.c">
      <Filter>lwpa_lib\src</Filter>
    </ClCompile>
    <ClCompile Include="..\..\..\..\..\lwpa\src\lwpa_rootlayerpdu.c">
      <Filter>lwpa_lib\src</Filter>
    </ClCompile>
    <ClCompile Include="..\..\..\..\..\lwpa\src\windows\lwpa_socket.c">
      <Filter>lwpa_lib\src</Filter>
    </ClCompile>
    <ClCompile Include="..\..\..\..\..\lwpa\src\windows\lwpa_thread.c">
      <Filter>lwpa_lib\src</Filter>
    </ClCompile>
    <ClCompile Include="..\..\..\..\..\lwpa\src\windows\lwpa_timer.c">
      <Filter>lwpa_lib\src</Filter>
    </ClCompile>
    <ClCompile Include="..\..\..\..\..\lwpa\src\windows\lwpa_lock.c">
      <Filter>lwpa_lib\src</Filter>
    </ClCompile>
    <ClCompile Include="..\..\..\..\..\lwpa\src\windows\lwpa_netint.c">
      <Filter>lwpa_lib\src</Filter>
    </ClCompile>
  </ItemGroup>
  <ItemGroup>
    <Filter Include="llrp_lib">
      <UniqueIdentifier>{1d7e1794-9a57-4c46-abb3-e71c114d43d7}</UniqueIdentifier>
    </Filter>
    <Filter Include="lwpa_lib">
      <UniqueIdentifier>{3682633e-96a8-4221-bb53-b13d3825d530}</UniqueIdentifier>
    </Filter>
    <Filter Include="lwpa_lib\src">
      <UniqueIdentifier>{3324b652-c84c-4cd5-ba33-17b8e4278c02}</UniqueIdentifier>
    </Filter>
    <Filter Include="lwpa_lib\include">
      <UniqueIdentifier>{1aaa484f-a592-4109-b477-375e1ce98ed3}</UniqueIdentifier>
    </Filter>
  </ItemGroup>
  <ItemGroup>
    <ClInclude Include="..\..\..\..\src\common\llrppriv.h">
      <Filter>llrp_lib</Filter>
    </ClInclude>
    <ClInclude Include="..\..\..\..\src\common\llrpprotpriv.h">
      <Filter>llrp_lib</Filter>
    </ClInclude>
    <ClInclude Include="..\..\..\..\src\include\rdmnet\llrp.h">
      <Filter>llrp_lib</Filter>
    </ClInclude>
    <ClInclude Include="..\..\..\..\src\include\rdmnet\rdmcontroller.h">
      <Filter>llrp_lib</Filter>
    </ClInclude>
    <ClInclude Include="..\..\..\..\src\include\rdmnet\rdmtypes.h">
      <Filter>llrp_lib</Filter>
    </ClInclude>
    <ClInclude Include="..\rdmnet_config.h" />
    <ClInclude Include="..\..\..\..\..\lwpa\src\md5.h">
      <Filter>lwpa_lib\include</Filter>
    </ClInclude>
    <ClInclude Include="..\..\..\..\..\lwpa\include\lwpa_int.h">
      <Filter>lwpa_lib\include</Filter>
    </ClInclude>
    <ClInclude Include="..\..\..\..\..\lwpa\include\lwpa_log.h">
      <Filter>lwpa_lib\include</Filter>
    </ClInclude>
    <ClInclude Include="..\..\..\..\..\lwpa\include\lwpa_mempool.h">
      <Filter>lwpa_lib\include</Filter>
    </ClInclude>
    <ClInclude Include="..\..\..\..\..\lwpa\include\lwpa_netint.h">
      <Filter>lwpa_lib\include</Filter>
    </ClInclude>
    <ClInclude Include="..\..\..\..\..\lwpa\include\lwpa_pack.h">
      <Filter>lwpa_lib\include</Filter>
    </ClInclude>
    <ClInclude Include="..\..\..\..\..\lwpa\include\lwpa_pdu.h">
      <Filter>lwpa_lib\include</Filter>
    </ClInclude>
    <ClInclude Include="..\..\..\..\..\lwpa\include\lwpa_rbtree.h">
      <Filter>lwpa_lib\include</Filter>
    </ClInclude>
    <ClInclude Include="..\..\..\..\..\lwpa\include\lwpa_rootlayerpdu.h">
      <Filter>lwpa_lib\include</Filter>
    </ClInclude>
    <ClInclude Include="..\..\..\..\..\lwpa\include\lwpa_socket.h">
      <Filter>lwpa_lib\include</Filter>
    </ClInclude>
    <ClInclude Include="..\..\..\..\..\lwpa\include\lwpa_timer.h">
      <Filter>lwpa_lib\include</Filter>
    </ClInclude>
    <ClInclude Include="..\..\..\..\..\lwpa\include\lwpa_uid.h">
      <Filter>lwpa_lib\include</Filter>
    </ClInclude>
    <ClInclude Include="..\..\..\..\..\lwpa\include\acn_prot.h">
      <Filter>lwpa_lib\include</Filter>
    </ClInclude>
    <ClInclude Include="..\..\..\..\..\lwpa\include\estardm.h">
      <Filter>lwpa_lib\include</Filter>
    </ClInclude>
    <ClInclude Include="..\..\..\..\..\lwpa\include\estardmnet.h">
      <Filter>lwpa_lib\include</Filter>
    </ClInclude>
    <ClInclude Include="..\..\..\..\..\lwpa\include\lwpa_bool.h">
      <Filter>lwpa_lib\include</Filter>
    </ClInclude>
    <ClInclude Include="..\..\..\..\..\lwpa\include\lwpa_cid.h">
      <Filter>lwpa_lib\include</Filter>
    </ClInclude>
    <ClInclude Include="..\..\..\..\..\lwpa\include\lwpa_common.h">
      <Filter>lwpa_lib\include</Filter>
    </ClInclude>
    <ClInclude Include="..\..\..\..\..\lwpa\include\lwpa_error.h">
      <Filter>lwpa_lib\include</Filter>
    </ClInclude>
    <ClInclude Include="..\..\..\..\..\lwpa\include\lwpa_inet.h">
      <Filter>lwpa_lib\include</Filter>
    </ClInclude>
    <ClInclude Include="..\..\..\..\..\lwpa\include\windows\lwpa_lock.h">
      <Filter>lwpa_lib\include</Filter>
    </ClInclude>
    <ClInclude Include="..\..\..\..\..\lwpa\include\windows\lwpa_socket_plat.h">
      <Filter>lwpa_lib\include</Filter>
    </ClInclude>
    <ClInclude Include="..\..\..\..\..\lwpa\include\windows\lwpa_thread.h">
      <Filter>lwpa_lib\include</Filter>
    </ClInclude>
  </ItemGroup>
</Project>